
Microsoft Visual Studio Solution File, Format Version 12.00
# Visual Studio Version 17
VisualStudioVersion = 17.1.32421.90
MinimumVisualStudioVersion = 10.0.40219.1
Project("{9A19103F-16F7-4668-BE54-9A1E7A4F7556}") = "ChromeDevToolsProtocol", "ChromeDevToolsProtocol\ChromeDevToolsProtocol.csproj", "{AE1F6517-8DC6-46CB-845F-D07B95B29708}"
EndProject
Project("{9A19103F-16F7-4668-BE54-9A1E7A4F7556}") = "ChromeDevToolsProtocol.SourceGenerator", "ChromeDevToolsProtocol.SourceGenerator\ChromeDevToolsProtocol.SourceGenerator.csproj", "{A88B947A-AE73-4622-A295-A0598FFAEC92}"
EndProject
Project("{9A19103F-16F7-4668-BE54-9A1E7A4F7556}") = "ChromeDevToolsProtocol.Debug", "ChromeDevToolsProtocol.Debug\ChromeDevToolsProtocol.Debug.csproj", "{53AD1DEC-250E-4DD2-A429-00514F67B8D6}"
EndProject
Global
	GlobalSection(SolutionConfigurationPlatforms) = preSolution
		Debug|Any CPU = Debug|Any CPU
		Release|Any CPU = Release|Any CPU
	EndGlobalSection
	GlobalSection(ProjectConfigurationPlatforms) = postSolution
		{AE1F6517-8DC6-46CB-845F-D07B95B29708}.Debug|Any CPU.ActiveCfg = Debug|Any CPU
		{AE1F6517-8DC6-46CB-845F-D07B95B29708}.Debug|Any CPU.Build.0 = Debug|Any CPU
		{AE1F6517-8DC6-46CB-845F-D07B95B29708}.Release|Any CPU.ActiveCfg = Release|Any CPU
		{AE1F6517-8DC6-46CB-845F-D07B95B29708}.Release|Any CPU.Build.0 = Release|Any CPU
		{A88B947A-AE73-4622-A295-A0598FFAEC92}.Debug|Any CPU.ActiveCfg = Debug|Any CPU
		{A88B947A-AE73-4622-A295-A0598FFAEC92}.Debug|Any CPU.Build.0 = Debug|Any CPU
		{A88B947A-AE73-4622-A295-A0598FFAEC92}.Release|Any CPU.ActiveCfg = Release|Any CPU
		{A88B947A-AE73-4622-A295-A0598FFAEC92}.Release|Any CPU.Build.0 = Release|Any CPU
		{53AD1DEC-250E-4DD2-A429-00514F67B8D6}.Debug|Any CPU.ActiveCfg = Debug|Any CPU
		{53AD1DEC-250E-4DD2-A429-00514F67B8D6}.Debug|Any CPU.Build.0 = Debug|Any CPU
		{53AD1DEC-250E-4DD2-A429-00514F67B8D6}.Release|Any CPU.ActiveCfg = Release|Any CPU
		{53AD1DEC-250E-4DD2-A429-00514F67B8D6}.Release|Any CPU.Build.0 = Release|Any CPU
	EndGlobalSection
	GlobalSection(SolutionProperties) = preSolution
		HideSolutionNode = FALSE
	EndGlobalSection
	GlobalSection(ExtensibilityGlobals) = postSolution
		SolutionGuid = {C862F807-B906-45E9-9335-BB03EF83D158}
	EndGlobalSection
EndGlobal
